// !$*UTF8*$!
{
	archiveVersion = 1;
	classes = {
	};
	objectVersion = 50;
	objects = {

/* Begin PBXBuildFile section */
		DDF0CF8C24F7521A0097D4B4 /* AppDelegate.swift in Sources */ = {isa = PBXBuildFile; fileRef = DDF0CF8B24F7521A0097D4B4 /* AppDelegate.swift */; };
		DDF0CF8E24F7521A0097D4B4 /* SceneDelegate.swift in Sources */ = {isa = PBXBuildFile; fileRef = DDF0CF8D24F7521A0097D4B4 /* SceneDelegate.swift */; };
		DDF0CF9024F7521A0097D4B4 /* ViewController.swift in Sources */ = {isa = PBXBuildFile; fileRef = DDF0CF8F24F7521A0097D4B4 /* ViewController.swift */; };
		DDF0CF9324F7521A0097D4B4 /* Main.storyboard in Resources */ = {isa = PBXBuildFile; fileRef = DDF0CF9124F7521A0097D4B4 /* Main.storyboard */; };
		DDF0CF9524F7521D0097D4B4 /* Assets.xcassets in Resources */ = {isa = PBXBuildFile; fileRef = DDF0CF9424F7521D0097D4B4 /* Assets.xcassets */; };
		DDF0CF9824F7521D0097D4B4 /* LaunchScreen.storyboard in Resources */ = {isa = PBXBuildFile; fileRef = DDF0CF9624F7521D0097D4B4 /* LaunchScreen.storyboard */; };
		DDF0CFA324F7521D0097D4B4 /* Brenda_L_AudioApp_ExerciseTests.swift in Sources */ = {isa = PBXBuildFile; fileRef = DDF0CFA224F7521D0097D4B4 /* Brenda_L_AudioApp_ExerciseTests.swift */; };
		DDF0CFAE24F7521D0097D4B4 /* Brenda_L_AudioApp_ExerciseUITests.swift in Sources */ = {isa = PBXBuildFile; fileRef = DDF0CFAD24F7521D0097D4B4 /* Brenda_L_AudioApp_ExerciseUITests.swift */; };
		DDF0CFBC24F752870097D4B4 /* sunflower-1627193_1920.jpg in Resources */ = {isa = PBXBuildFile; fileRef = DDF0CFBB24F752870097D4B4 /* sunflower-1627193_1920.jpg */; };
		DDF0CFBE24F763B50097D4B4 /* sunflowerr in Resources */ = {isa = PBXBuildFile; fileRef = DDF0CFBD24F763B50097D4B4 /* sunflowerr */; };
/* End PBXBuildFile section */

/* Begin PBXContainerItemProxy section */
		DDF0CF9F24F7521D0097D4B4 /* PBXContainerItemProxy */ = {
			isa = PBXContainerItemProxy;
			containerPortal = DDF0CF8024F7521A0097D4B4 /* Project object */;
			proxyType = 1;
			remoteGlobalIDString = DDF0CF8724F7521A0097D4B4;
			remoteInfo = Brenda_L_AudioApp_Exercise;
		};
		DDF0CFAA24F7521D0097D4B4 /* PBXContainerItemProxy */ = {
			isa = PBXContainerItemProxy;
			containerPortal = DDF0CF8024F7521A0097D4B4 /* Project object */;
			proxyType = 1;
			remoteGlobalIDString = DDF0CF8724F7521A0097D4B4;
			remoteInfo = Brenda_L_AudioApp_Exercise;
		};
/* End PBXContainerItemProxy section */

/* Begin PBXFileReference section */
		DDF0CF8824F7521A0097D4B4 /* Brenda_L_AudioApp_Exercise.app */ = {isa = PBXFileReference; explicitFileType = wrapper.application; includeInIndex = 0; path = Brenda_L_AudioApp_Exercise.app; sourceTree = BUILT_PRODUCTS_DIR; };
		DDF0CF8B24F7521A0097D4B4 /* AppDelegate.swift */ = {isa = PBXFileReference; lastKnownFileType = sourcecode.swift; path = AppDelegate.swift; sourceTree = "<group>"; };
		DDF0CF8D24F7521A0097D4B4 /* SceneDelegate.swift */ = {isa = PBXFileReference; lastKnownFileType = sourcecode.swift; path = SceneDelegate.swift; sourceTree = "<group>"; };
		DDF0CF8F24F7521A0097D4B4 /* ViewController.swift */ = {isa = PBXFileReference; lastKnownFileType = sourcecode.swift; path = ViewController.swift; sourceTree = "<group>"; };
		DDF0CF9224F7521A0097D4B4 /* Base */ = {isa = PBXFileReference; lastKnownFileType = file.storyboard; name = Base; path = Base.lproj/Main.storyboard; sourceTree = "<group>"; };
		DDF0CF9424F7521D0097D4B4 /* Assets.xcassets */ = {isa = PBXFileReference; lastKnownFileType = folder.assetcatalog; path = Assets.xcassets; sourceTree = "<group>"; };
		DDF0CF9724F7521D0097D4B4 /* Base */ = {isa = PBXFileReference; lastKnownFileType = file.storyboard; name = Base; path = Base.lproj/LaunchScreen.storyboard; sourceTree = "<group>"; };
		DDF0CF9924F7521D0097D4B4 /* Info.plist */ = {isa = PBXFileReference; lastKnownFileType = text.plist.xml; path = Info.plist; sourceTree = "<group>"; };
		DDF0CF9E24F7521D0097D4B4 /* Brenda_L_AudioApp_ExerciseTests.xctest */ = {isa = PBXFileReference; explicitFileType = wrapper.cfbundle; includeInIndex = 0; path = Brenda_L_AudioApp_ExerciseTests.xctest; sourceTree = BUILT_PRODUCTS_DIR; };
		DDF0CFA224F7521D0097D4B4 /* Brenda_L_AudioApp_ExerciseTests.swift */ = {isa = PBXFileReference; lastKnownFileType = sourcecode.swift; path = Brenda_L_AudioApp_ExerciseTests.swift; sourceTree = "<group>"; };
		DDF0CFA424F7521D0097D4B4 /* Info.plist */ = {isa = PBXFileReference; lastKnownFileType = text.plist.xml; path = Info.plist; sourceTree = "<group>"; };
		DDF0CFA924F7521D0097D4B4 /* Brenda_L_AudioApp_ExerciseUITests.xctest */ = {isa = PBXFileReference; explicitFileType = wrapper.cfbundle; includeInIndex = 0; path = Brenda_L_AudioApp_ExerciseUITests.xctest; sourceTree = BUILT_PRODUCTS_DIR; };
		DDF0CFAD24F7521D0097D4B4 /* Brenda_L_AudioApp_ExerciseUITests.swift */ = {isa = PBXFileReference; lastKnownFileType = sourcecode.swift; path = Brenda_L_AudioApp_ExerciseUITests.swift; sourceTree = "<group>"; };
		DDF0CFAF24F7521D0097D4B4 /* Info.plist */ = {isa = PBXFileReference; lastKnownFileType = text.plist.xml; path = Info.plist; sourceTree = "<group>"; };
		DDF0CFBB24F752870097D4B4 /* sunflower-1627193_1920.jpg */ = {isa = PBXFileReference; lastKnownFileType = image.jpeg; name = "sunflower-1627193_1920.jpg"; path = "../../../Downloads/sunflower-1627193_1920.jpg"; sourceTree = "<group>"; };
		DDF0CFBD24F763B50097D4B4 /* sunflowerr */ = {isa = PBXFileReference; lastKnownFileType = file; name = sunflowerr; path = ../../../Downloads/sunflowerr; sourceTree = "<group>"; };
/* End PBXFileReference section */

/* Begin PBXFrameworksBuildPhase section */
		DDF0CF8524F7521A0097D4B4 /* Frameworks */ = {
			isa = PBXFrameworksBuildPhase;
			buildActionMask = 2147483647;
			files = (
			);
			runOnlyForDeploymentPostprocessing = 0;
		};
		DDF0CF9B24F7521D0097D4B4 /* Frameworks */ = {
			isa = PBXFrameworksBuildPhase;
			buildActionMask = 2147483647;
			files = (
			);
			runOnlyForDeploymentPostprocessing = 0;
		};
		DDF0CFA624F7521D0097D4B4 /* Frameworks */ = {
			isa = PBXFrameworksBuildPhase;
			buildActionMask = 2147483647;
			files = (
			);
			runOnlyForDeploymentPostprocessing = 0;
		};
/* End PBXFrameworksBuildPhase section */

/* Begin PBXGroup section */
		DDF0CF7F24F7521A0097D4B4 = {
			isa = PBXGroup;
			children = (
				DDF0CF8A24F7521A0097D4B4 /* Brenda_L_AudioApp_Exercise */,
				DDF0CFA124F7521D0097D4B4 /* Brenda_L_AudioApp_ExerciseTests */,
				DDF0CFAC24F7521D0097D4B4 /* Brenda_L_AudioApp_ExerciseUITests */,
				DDF0CF8924F7521A0097D4B4 /* Products */,
			);
			sourceTree = "<group>";
		};
		DDF0CF8924F7521A0097D4B4 /* Products */ = {
			isa = PBXGroup;
			children = (
				DDF0CF8824F7521A0097D4B4 /* Brenda_L_AudioApp_Exercise.app */,
				DDF0CF9E24F7521D0097D4B4 /* Brenda_L_AudioApp_ExerciseTests.xctest */,
				DDF0CFA924F7521D0097D4B4 /* Brenda_L_AudioApp_ExerciseUITests.xctest */,
			);
			name = Products;
			sourceTree = "<group>";
		};
		DDF0CF8A24F7521A0097D4B4 /* Brenda_L_AudioApp_Exercise */ = {
			isa = PBXGroup;
			children = (
				DDF0CF8B24F7521A0097D4B4 /* AppDelegate.swift */,
				DDF0CF8D24F7521A0097D4B4 /* SceneDelegate.swift */,
				DDF0CF8F24F7521A0097D4B4 /* ViewController.swift */,
				DDF0CF9124F7521A0097D4B4 /* Main.storyboard */,
				DDF0CFBD24F763B50097D4B4 /* sunflowerr */,
				DDF0CFBB24F752870097D4B4 /* sunflower-1627193_1920.jpg */,
				DDF0CF9424F7521D0097D4B4 /* Assets.xcassets */,
				DDF0CF9624F7521D0097D4B4 /* LaunchScreen.storyboard */,
				DDF0CF9924F7521D0097D4B4 /* Info.plist */,
			);
			path = Brenda_L_AudioApp_Exercise;
			sourceTree = "<group>";
		};
		DDF0CFA124F7521D0097D4B4 /* Brenda_L_AudioApp_ExerciseTests */ = {
			isa = PBXGroup;
			children = (
				DDF0CFA224F7521D0097D4B4 /* Brenda_L_AudioApp_ExerciseTests.swift */,
				DDF0CFA424F7521D0097D4B4 /* Info.plist */,
			);
			path = Brenda_L_AudioApp_ExerciseTests;
			sourceTree = "<group>";
		};
		DDF0CFAC24F7521D0097D4B4 /* Brenda_L_AudioApp_ExerciseUITests */ = {
			isa = PBXGroup;
			children = (
				DDF0CFAD24F7521D0097D4B4 /* Brenda_L_AudioApp_ExerciseUITests.swift */,
				DDF0CFAF24F7521D0097D4B4 /* Info.plist */,
			);
			path = Brenda_L_AudioApp_ExerciseUITests;
			sourceTree = "<group>";
		};
/* End PBXGroup section */

/* Begin PBXNativeTarget section */
		DDF0CF8724F7521A0097D4B4 /* Brenda_L_AudioApp_Exercise */ = {
			isa = PBXNativeTarget;
			buildConfigurationList = DDF0CFB224F7521D0097D4B4 /* Build configuration list for PBXNativeTarget "Brenda_L_AudioApp_Exercise" */;
			buildPhases = (
				DDF0CF8424F7521A0097D4B4 /* Sources */,
				DDF0CF8524F7521A0097D4B4 /* Frameworks */,
				DDF0CF8624F7521A0097D4B4 /* Resources */,
			);
			buildRules = (
			);
			dependencies = (
			);
			name = Brenda_L_AudioApp_Exercise;
			productName = Brenda_L_AudioApp_Exercise;
			productReference = DDF0CF8824F7521A0097D4B4 /* Brenda_L_AudioApp_Exercise.app */;
			productType = "com.apple.product-type.application";
		};
		DDF0CF9D24F7521D0097D4B4 /* Brenda_L_AudioApp_ExerciseTests */ = {
			isa = PBXNativeTarget;
			buildConfigurationList = DDF0CFB524F7521D0097D4B4 /* Build configuration list for PBXNativeTarget "Brenda_L_AudioApp_ExerciseTests" */;
			buildPhases = (
				DDF0CF9A24F7521D0097D4B4 /* Sources */,
				DDF0CF9B24F7521D0097D4B4 /* Frameworks */,
				DDF0CF9C24F7521D0097D4B4 /* Resources */,
			);
			buildRules = (
			);
			dependencies = (
				DDF0CFA024F7521D0097D4B4 /* PBXTargetDependency */,
			);
			name = Brenda_L_AudioApp_ExerciseTests;
			productName = Brenda_L_AudioApp_ExerciseTests;
			productReference = DDF0CF9E24F7521D0097D4B4 /* Brenda_L_AudioApp_ExerciseTests.xctest */;
			productType = "com.apple.product-type.bundle.unit-test";
		};
		DDF0CFA824F7521D0097D4B4 /* Brenda_L_AudioApp_ExerciseUITests */ = {
			isa = PBXNativeTarget;
			buildConfigurationList = DDF0CFB824F7521D0097D4B4 /* Build configuration list for PBXNativeTarget "Brenda_L_AudioApp_ExerciseUITests" */;
			buildPhases = (
				DDF0CFA524F7521D0097D4B4 /* Sources */,
				DDF0CFA624F7521D0097D4B4 /* Frameworks */,
				DDF0CFA724F7521D0097D4B4 /* Resources */,
			);
			buildRules = (
			);
			dependencies = (
				DDF0CFAB24F7521D0097D4B4 /* PBXTargetDependency */,
			);
			name = Brenda_L_AudioApp_ExerciseUITests;
			productName = Brenda_L_AudioApp_ExerciseUITests;
			productReference = DDF0CFA924F7521D0097D4B4 /* Brenda_L_AudioApp_ExerciseUITests.xctest */;
			productType = "com.apple.product-type.bundle.ui-testing";
		};
/* End PBXNativeTarget section */

/* Begin PBXProject section */
		DDF0CF8024F7521A0097D4B4 /* Project object */ = {
			isa = PBXProject;
			attributes = {
				LastSwiftUpdateCheck = 1130;
				LastUpgradeCheck = 1130;
				ORGANIZATIONNAME = "Brenda Leyva";
				TargetAttributes = {
					DDF0CF8724F7521A0097D4B4 = {
						CreatedOnToolsVersion = 11.3.1;
					};
					DDF0CF9D24F7521D0097D4B4 = {
						CreatedOnToolsVersion = 11.3.1;
						TestTargetID = DDF0CF8724F7521A0097D4B4;
					};
					DDF0CFA824F7521D0097D4B4 = {
						CreatedOnToolsVersion = 11.3.1;
						TestTargetID = DDF0CF8724F7521A0097D4B4;
					};
				};
			};
			buildConfigurationList = DDF0CF8324F7521A0097D4B4 /* Build configuration list for PBXProject "Brenda_L_AudioApp_Exercise" */;
			compatibilityVersion = "Xcode 9.3";
			developmentRegion = en;
			hasScannedForEncodings = 0;
			knownRegions = (
				en,
				Base,
			);
			mainGroup = DDF0CF7F24F7521A0097D4B4;
			productRefGroup = DDF0CF8924F7521A0097D4B4 /* Products */;
			projectDirPath = "";
			projectRoot = "";
			targets = (
				DDF0CF8724F7521A0097D4B4 /* Brenda_L_AudioApp_Exercise */,
				DDF0CF9D24F7521D0097D4B4 /* Brenda_L_AudioApp_ExerciseTests */,
				DDF0CFA824F7521D0097D4B4 /* Brenda_L_AudioApp_ExerciseUITests */,
			);
		};
/* End PBXProject section */

/* Begin PBXResourcesBuildPhase section */
		DDF0CF8624F7521A0097D4B4 /* Resources */ = {
			isa = PBXResourcesBuildPhase;
			buildActionMask = 2147483647;
			files = (
				DDF0CF9824F7521D0097D4B4 /* LaunchScreen.storyboard in Resources */,
				DDF0CF9524F7521D0097D4B4 /* Assets.xcassets in Resources */,
				DDF0CFBE24F763B50097D4B4 /* sunflowerr in Resources */,
				DDF0CF9324F7521A0097D4B4 /* Main.storyboard in Resources */,
				DDF0CFBC24F752870097D4B4 /* sunflower-1627193_1920.jpg in Resources */,
			);
			runOnlyForDeploymentPostprocessing = 0;
		};
		DDF0CF9C24F7521D0097D4B4 /* Resources */ = {
			isa = PBXResourcesBuildPhase;
			buildActionMask = 2147483647;
			files = (
			);
			runOnlyForDeploymentPostprocessing = 0;
		};
		DDF0CFA724F7521D0097D4B4 /* Resources */ = {
			isa = PBXResourcesBuildPhase;
			buildActionMask = 2147483647;
			files = (
			);
			runOnlyForDeploymentPostprocessing = 0;
		};
/* End PBXResourcesBuildPhase section */

/* Begin PBXSourcesBuildPhase section */
		DDF0CF8424F7521A0097D4B4 /* Sources */ = {
			isa = PBXSourcesBuildPhase;
			buildActionMask = 2147483647;
			files = (
				DDF0CF9024F7521A0097D4B4 /* ViewController.swift in Sources */,
				DDF0CF8C24F7521A0097D4B4 /* AppDelegate.swift in Sources */,
				DDF0CF8E24F7521A0097D4B4 /* SceneDelegate.swift in Sources */,
			);
			runOnlyForDeploymentPostprocessing = 0;
		};
		DDF0CF9A24F7521D0097D4B4 /* Sources */ = {
			isa = PBXSourcesBuildPhase;
			buildActionMask = 2147483647;
			files = (
				DDF0CFA324F7521D0097D4B4 /* Brenda_L_AudioApp_ExerciseTests.swift in Sources */,
			);
			runOnlyForDeploymentPostprocessing = 0;
		};
		DDF0CFA524F7521D0097D4B4 /* Sources */ = {
			isa = PBXSourcesBuildPhase;
			buildActionMask = 2147483647;
			files = (
				DDF0CFAE24F7521D0097D4B4 /* Brenda_L_AudioApp_ExerciseUITests.swift in Sources */,
			);
			runOnlyForDeploymentPostprocessing = 0;
		};
/* End PBXSourcesBuildPhase section */

/* Begin PBXTargetDependency section */
		DDF0CFA024F7521D0097D4B4 /* PBXTargetDependency */ = {
			isa = PBXTargetDependency;
			target = DDF0CF8724F7521A0097D4B4 /* Brenda_L_AudioApp_Exercise */;
			targetProxy = DDF0CF9F24F7521D0097D4B4 /* PBXContainerItemProxy */;
		};
		DDF0CFAB24F7521D0097D4B4 /* PBXTargetDependency */ = {
			isa = PBXTargetDependency;
			target = DDF0CF8724F7521A0097D4B4 /* Brenda_L_AudioApp_Exercise */;
			targetProxy = DDF0CFAA24F7521D0097D4B4 /* PBXContainerItemProxy */;
		};
/* End PBXTargetDependency section */

/* Begin PBXVariantGroup section */
		DDF0CF9124F7521A0097D4B4 /* Main.storyboard */ = {
			isa = PBXVariantGroup;
			children = (
				DDF0CF9224F7521A0097D4B4 /* Base */,
			);
			name = Main.storyboard;
			sourceTree = "<group>";
		};
		DDF0CF9624F7521D0097D4B4 /* LaunchScreen.storyboard */ = {
			isa = PBXVariantGroup;
			children = (
				DDF0CF9724F7521D0097D4B4 /* Base */,
			);
			name = LaunchScreen.storyboard;
			sourceTree = "<group>";
		};
/* End PBXVariantGroup section */

/* Begin XCBuildConfiguration section */
		DDF0CFB024F7521D0097D4B4 /* Debug */ = {
			isa = XCBuildConfiguration;
			buildSettings = {
				ALWAYS_SEARCH_USER_PATHS = NO;
				CLANG_ANALYZER_NONNULL = YES;
				CLANG_ANALYZER_NUMBER_OBJECT_CONVERSION = YES_AGGRESSIVE;
				CLANG_CXX_LANGUAGE_STANDARD = "gnu++14";
				CLANG_CXX_LIBRARY = "libc++";
				CLANG_ENABLE_MODULES = YES;
				CLANG_ENABLE_OBJC_ARC = YES;
				CLANG_ENABLE_OBJC_WEAK = YES;
				CLANG_WARN_BLOCK_CAPTURE_AUTORELEASING = YES;
				CLANG_WARN_BOOL_CONVERSION = YES;
				CLANG_WARN_COMMA = YES;
				CLANG_WARN_CONSTANT_CONVERSION = YES;
				CLANG_WARN_DEPRECATED_OBJC_IMPLEMENTATIONS = YES;
				CLANG_WARN_DIRECT_OBJC_ISA_USAGE = YES_ERROR;
				CLANG_WARN_DOCUMENTATION_COMMENTS = YES;
				CLANG_WARN_EMPTY_BODY = YES;
				CLANG_WARN_ENUM_CONVERSION = YES;
				CLANG_WARN_INFINITE_RECURSION = YES;
				CLANG_WARN_INT_CONVERSION = YES;
				CLANG_WARN_NON_LITERAL_NULL_CONVERSION = YES;
				CLANG_WARN_OBJC_IMPLICIT_RETAIN_SELF = YES;
				CLANG_WARN_OBJC_LITERAL_CONVERSION = YES;
				CLANG_WARN_OBJC_ROOT_CLASS = YES_ERROR;
				CLANG_WARN_RANGE_LOOP_ANALYSIS = YES;
				CLANG_WARN_STRICT_PROTOTYPES = YES;
				CLANG_WARN_SUSPICIOUS_MOVE = YES;
				CLANG_WARN_UNGUARDED_AVAILABILITY = YES_AGGRESSIVE;
				CLANG_WARN_UNREACHABLE_CODE = YES;
				CLANG_WARN__DUPLICATE_METHOD_MATCH = YES;
				COPY_PHASE_STRIP = NO;
				DEBUG_INFORMATION_FORMAT = dwarf;
				ENABLE_STRICT_OBJC_MSGSEND = YES;
				ENABLE_TESTABILITY = YES;
				GCC_C_LANGUAGE_STANDARD = gnu11;
				GCC_DYNAMIC_NO_PIC = NO;
				GCC_NO_COMMON_BLOCKS = YES;
				GCC_OPTIMIZATION_LEVEL = 0;
				GCC_PREPROCESSOR_DEFINITIONS = (
					"DEBUG=1",
					"$(inherited)",
				);
				GCC_WARN_64_TO_32_BIT_CONVERSION = YES;
				GCC_WARN_ABOUT_RETURN_TYPE = YES_ERROR;
				GCC_WARN_UNDECLARED_SELECTOR = YES;
				GCC_WARN_UNINITIALIZED_AUTOS = YES_AGGRESSIVE;
				GCC_WARN_UNUSED_FUNCTION = YES;
				GCC_WARN_UNUSED_VARIABLE = YES;
				IPHONEOS_DEPLOYMENT_TARGET = 13.2;
				MTL_ENABLE_DEBUG_INFO = INCLUDE_SOURCE;
				MTL_FAST_MATH = YES;
				ONLY_ACTIVE_ARCH = YES;
				SDKROOT = iphoneos;
				SWIFT_ACTIVE_COMPILATION_CONDITIONS = DEBUG;
				SWIFT_OPTIMIZATION_LEVEL = "-Onone";
			};
			name = Debug;
		};
		DDF0CFB124F7521D0097D4B4 /* Release */ = {
			isa = XCBuildConfiguration;
			buildSettings = {
				ALWAYS_SEARCH_USER_PATHS = NO;
				CLANG_ANALYZER_NONNULL = YES;
				CLANG_ANALYZER_NUMBER_OBJECT_CONVERSION = YES_AGGRESSIVE;
				CLANG_CXX_LANGUAGE_STANDARD = "gnu++14";
				CLANG_CXX_LIBRARY = "libc++";
				CLANG_ENABLE_MODULES = YES;
				CLANG_ENABLE_OBJC_ARC = YES;
				CLANG_ENABLE_OBJC_WEAK = YES;
				CLANG_WARN_BLOCK_CAPTURE_AUTORELEASING = YES;
				CLANG_WARN_BOOL_CONVERSION = YES;
				CLANG_WARN_COMMA = YES;
				CLANG_WARN_CONSTANT_CONVERSION = YES;
				CLANG_WARN_DEPRECATED_OBJC_IMPLEMENTATIONS = YES;
				CLANG_WARN_DIRECT_OBJC_ISA_USAGE = YES_ERROR;
				CLANG_WARN_DOCUMENTATION_COMMENTS = YES;
				CLANG_WARN_EMPTY_BODY = YES;
				CLANG_WARN_ENUM_CONVERSION = YES;
				CLANG_WARN_INFINITE_RECURSION = YES;
				CLANG_WARN_INT_CONVERSION = YES;
				CLANG_WARN_NON_LITERAL_NULL_CONVERSION = YES;
				CLANG_WARN_OBJC_IMPLICIT_RETAIN_SELF = YES;
				CLANG_WARN_OBJC_LITERAL_CONVERSION = YES;
				CLANG_WARN_OBJC_ROOT_CLASS = YES_ERROR;
				CLANG_WARN_RANGE_LOOP_ANALYSIS = YES;
				CLANG_WARN_STRICT_PROTOTYPES = YES;
				CLANG_WARN_SUSPICIOUS_MOVE = YES;
				CLANG_WARN_UNGUARDED_AVAILABILITY = YES_AGGRESSIVE;
				CLANG_WARN_UNREACHABLE_CODE = YES;
				CLANG_WARN__DUPLICATE_METHOD_MATCH = YES;
				COPY_PHASE_STRIP = NO;
				DEBUG_INFORMATION_FORMAT = "dwarf-with-dsym";
				ENABLE_NS_ASSERTIONS = NO;
				ENABLE_STRICT_OBJC_MSGSEND = YES;
				GCC_C_LANGUAGE_STANDARD = gnu11;
				GCC_NO_COMMON_BLOCKS = YES;
				GCC_WARN_64_TO_32_BIT_CONVERSION = YES;
				GCC_WARN_ABOUT_RETURN_TYPE = YES_ERROR;
				GCC_WARN_UNDECLARED_SELECTOR = YES;
				GCC_WARN_UNINITIALIZED_AUTOS = YES_AGGRESSIVE;
				GCC_WARN_UNUSED_FUNCTION = YES;
				GCC_WARN_UNUSED_VARIABLE = YES;
				IPHONEOS_DEPLOYMENT_TARGET = 13.2;
				MTL_ENABLE_DEBUG_INFO = NO;
				MTL_FAST_MATH = YES;
				SDKROOT = iphoneos;
				SWIFT_COMPILATION_MODE = wholemodule;
				SWIFT_OPTIMIZATION_LEVEL = "-O";
				VALIDATE_PRODUCT = YES;
			};
			name = Release;
		};
		DDF0CFB324F7521D0097D4B4 /* Debug */ = {
			isa = XCBuildConfiguration;
			buildSettings = {
				ASSETCATALOG_COMPILER_APPICON_NAME = AppIcon;
				CODE_SIGN_STYLE = Automatic;
				INFOPLIST_FILE = Brenda_L_AudioApp_Exercise/Info.plist;
				LD_RUNPATH_SEARCH_PATHS = (
					"$(inherited)",
					"@executable_path/Frameworks",
				);
				PRODUCT_BUNDLE_IDENTIFIER = "brendis.Brenda-L-AudioApp-Exercise";
				PRODUCT_NAME = "$(TARGET_NAME)";
				SWIFT_VERSION = 5.0;
				TARGETED_DEVICE_FAMILY = "1,2";
			};
			name = Debug;
		};
		DDF0CFB424F7521D0097D4B4 /* Release */ = {
			isa = XCBuildConfiguration;
			buildSettings = {
				ASSETCATALOG_COMPILER_APPICON_NAME = AppIcon;
				CODE_SIGN_STYLE = Automatic;
				INFOPLIST_FILE = Brenda_L_AudioApp_Exercise/Info.plist;
				LD_RUNPATH_SEARCH_PATHS = (
					"$(inherited)",
					"@executable_path/Frameworks",
				);
				PRODUCT_BUNDLE_IDENTIFIER = "brendis.Brenda-L-AudioApp-Exercise";
				PRODUCT_NAME = "$(TARGET_NAME)";
				SWIFT_VERSION = 5.0;
				TARGETED_DEVICE_FAMILY = "1,2";
			};
			name = Release;
		};
		DDF0CFB624F7521D0097D4B4 /* Debug */ = {
			isa = XCBuildConfiguration;
			buildSettings = {
				ALWAYS_EMBED_SWIFT_STANDARD_LIBRARIES = YES;
				BUNDLE_LOADER = "$(TEST_HOST)";
				CODE_SIGN_STYLE = Automatic;
				INFOPLIST_FILE = Brenda_L_AudioApp_ExerciseTests/Info.plist;
				IPHONEOS_DEPLOYMENT_TARGET = 13.2;
				LD_RUNPATH_SEARCH_PATHS = (
					"$(inherited)",
					"@executable_path/Frameworks",
					"@loader_path/Frameworks",
				);
				PRODUCT_BUNDLE_IDENTIFIER = "brendis.Brenda-L-AudioApp-ExerciseTests";
				PRODUCT_NAME = "$(TARGET_NAME)";
				SWIFT_VERSION = 5.0;
				TARGETED_DEVICE_FAMILY = "1,2";
				TEST_HOST = "$(BUILT_PRODUCTS_DIR)/Brenda_L_AudioApp_Exercise.app/Brenda_L_AudioApp_Exercise";
			};
			name = Debug;
		};
		DDF0CFB724F7521D0097D4B4 /* Release */ = {
			isa = XCBuildConfiguration;
			buildSettings = {
				ALWAYS_EMBED_SWIFT_STANDARD_LIBRARIES = YES;
				BUNDLE_LOADER = "$(TEST_HOST)";
				CODE_SIGN_STYLE = Automatic;
				INFOPLIST_FILE = Brenda_L_AudioApp_ExerciseTests/Info.plist;
				IPHONEOS_DEPLOYMENT_TARGET = 13.2;
				LD_RUNPATH_SEARCH_PATHS = (
					"$(inherited)",
					"@executable_path/Frameworks",
					"@loader_path/Frameworks",
				);
				PRODUCT_BUNDLE_IDENTIFIER = "brendis.Brenda-L-AudioApp-ExerciseTests";
				PRODUCT_NAME = "$(TARGET_NAME)";
				SWIFT_VERSION = 5.0;
				TARGETED_DEVICE_FAMILY = "1,2";
				TEST_HOST = "$(BUILT_PRODUCTS_DIR)/Brenda_L_AudioApp_Exercise.app/Brenda_L_AudioApp_Exercise";
			};
			name = Release;
		};
		DDF0CFB924F7521D0097D4B4 /* Debug */ = {
			isa = XCBuildConfiguration;
			buildSettings = {
				ALWAYS_EMBED_SWIFT_STANDARD_LIBRARIES = YES;
				CODE_SIGN_STYLE = Automatic;
				INFOPLIST_FILE = Brenda_L_AudioApp_ExerciseUITests/Info.plist;
				LD_RUNPATH_SEARCH_PATHS = (
					"$(inherited)",
					"@executable_path/Frameworks",
					"@loader_path/Frameworks",
				);
				PRODUCT_BUNDLE_IDENTIFIER = "brendis.Brenda-L-AudioApp-ExerciseUITests";
				PRODUCT_NAME = "$(TARGET_NAME)";
				SWIFT_VERSION = 5.0;
				TARGETED_DEVICE_FAMILY = "1,2";
				TEST_TARGET_NAME = Brenda_L_AudioApp_Exercise;
			};
			name = Debug;
		};
		DDF0CFBA24F7521D0097D4B4 /* Release */ = {
			isa = XCBuildConfiguration;
			buildSettings = {
				ALWAYS_EMBED_SWIFT_STANDARD_LIBRARIES = YES;
				CODE_SIGN_STYLE = Automatic;
				INFOPLIST_FILE = Brenda_L_AudioApp_ExerciseUITests/Info.plist;
				LD_RUNPATH_SEARCH_PATHS = (
					"$(inherited)",
					"@executable_path/Frameworks",
					"@loader_path/Frameworks",
				);
				PRODUCT_BUNDLE_IDENTIFIER = "brendis.Brenda-L-AudioApp-ExerciseUITests";
				PRODUCT_NAME = "$(TARGET_NAME)";
				SWIFT_VERSION = 5.0;
				TARGETED_DEVICE_FAMILY = "1,2";
				TEST_TARGET_NAME = Brenda_L_AudioApp_Exercise;
			};
			name = Release;
		};
/* End XCBuildConfiguration section */

/* Begin XCConfigurationList section */
		DDF0CF8324F7521A0097D4B4 /* Build configuration list for PBXProject "Brenda_L_AudioApp_Exercise" */ = {
			isa = XCConfigurationList;
			buildConfigurations = (
				DDF0CFB024F7521D0097D4B4 /* Debug */,
				DDF0CFB124F7521D0097D4B4 /* Release */,
			);
			defaultConfigurationIsVisible = 0;
			defaultConfigurationName = Release;
		};
		DDF0CFB224F7521D0097D4B4 /* Build configuration list for PBXNativeTarget "Brenda_L_AudioApp_Exercise" */ = {
			isa = XCConfigurationList;
			buildConfigurations = (
				DDF0CFB324F7521D0097D4B4 /* Debug */,
				DDF0CFB424F7521D0097D4B4 /* Release */,
			);
			defaultConfigurationIsVisible = 0;
			defaultConfigurationName = Release;
		};
		DDF0CFB524F7521D0097D4B4 /* Build configuration list for PBXNativeTarget "Brenda_L_AudioApp_ExerciseTests" */ = {
			isa = XCConfigurationList;
			buildConfigurations = (
				DDF0CFB624F7521D0097D4B4 /* Debug */,
				DDF0CFB724F7521D0097D4B4 /* Release */,
			);
			defaultConfigurationIsVisible = 0;
			defaultConfigurationName = Release;
		};
		DDF0CFB824F7521D0097D4B4 /* Build configuration list for PBXNativeTarget "Brenda_L_AudioApp_ExerciseUITests" */ = {
			isa = XCConfigurationList;
			buildConfigurations = (
				DDF0CFB924F7521D0097D4B4 /* Debug */,
				DDF0CFBA24F7521D0097D4B4 /* Release */,
			);
			defaultConfigurationIsVisible = 0;
			defaultConfigurationName = Release;
		};
/* End XCConfigurationList section */
	};
	rootObject = DDF0CF8024F7521A0097D4B4 /* Project object */;
}
